// !$*UTF8*$!
{
	archiveVersion = 1;
	classes = {
	};
	objectVersion = 56;
	objects = {

/* Begin PBXBuildFile section */
		391D375B2B09EEFF00C08213 /* WeatherHomeView.swift in Sources */ = {isa = PBXBuildFile; fileRef = 391D375A2B09EEFF00C08213 /* WeatherHomeView.swift */; };
		391D375E2B0A19BF00C08213 /* WeatherDetailView.swift in Sources */ = {isa = PBXBuildFile; fileRef = 391D375D2B0A19BF00C08213 /* WeatherDetailView.swift */; };
		391D37602B0A248000C08213 /* TemperatureType.swift in Sources */ = {isa = PBXBuildFile; fileRef = 391D375F2B0A248000C08213 /* TemperatureType.swift */; };
		3926366C2B08C11B006FA7E3 /* AppDelegate.swift in Sources */ = {isa = PBXBuildFile; fileRef = 3926366B2B08C11B006FA7E3 /* AppDelegate.swift */; };
		3926366E2B08C11B006FA7E3 /* SceneDelegate.swift in Sources */ = {isa = PBXBuildFile; fileRef = 3926366D2B08C11B006FA7E3 /* SceneDelegate.swift */; };
		392636702B08C11B006FA7E3 /* HomeVC.swift in Sources */ = {isa = PBXBuildFile; fileRef = 3926366F2B08C11B006FA7E3 /* HomeVC.swift */; };
		392636752B08C11D006FA7E3 /* Assets.xcassets in Resources */ = {isa = PBXBuildFile; fileRef = 392636742B08C11D006FA7E3 /* Assets.xcassets */; };
		392636782B08C11D006FA7E3 /* LaunchScreen.storyboard in Resources */ = {isa = PBXBuildFile; fileRef = 392636762B08C11D006FA7E3 /* LaunchScreen.storyboard */; };
		392636882B08C6D8006FA7E3 /* SnapKit in Frameworks */ = {isa = PBXBuildFile; productRef = 392636872B08C6D8006FA7E3 /* SnapKit */; };
		3926368A2B08C6D8006FA7E3 /* SnapKit-Dynamic in Frameworks */ = {isa = PBXBuildFile; productRef = 392636892B08C6D8006FA7E3 /* SnapKit-Dynamic */; };
		3926368F2B08F2CA006FA7E3 /* APIService.swift in Sources */ = {isa = PBXBuildFile; fileRef = 3926368E2B08F2CA006FA7E3 /* APIService.swift */; };
		392636972B08F73C006FA7E3 /* Repo.swift in Sources */ = {isa = PBXBuildFile; fileRef = 392636962B08F73C006FA7E3 /* Repo.swift */; };
		3926369A2B08FBA9006FA7E3 /* HomeviewVM.swift in Sources */ = {isa = PBXBuildFile; fileRef = 392636992B08FBA9006FA7E3 /* HomeviewVM.swift */; };
		392636A92B0914CF006FA7E3 /* WeatherDataModel.swift in Sources */ = {isa = PBXBuildFile; fileRef = 392636A82B0914CF006FA7E3 /* WeatherDataModel.swift */; };
		392636AB2B091712006FA7E3 /* ApiConfiguration.swift in Sources */ = {isa = PBXBuildFile; fileRef = 392636AA2B091712006FA7E3 /* ApiConfiguration.swift */; };
		392636AC2B0919B7006FA7E3 /* Pods_WeatherApp.framework in Frameworks */ = {isa = PBXBuildFile; fileRef = 657A9AEE1D000ECC9B72A18B /* Pods_WeatherApp.framework */; };
		392636AD2B0919B7006FA7E3 /* Pods_WeatherApp.framework in Embed Frameworks */ = {isa = PBXBuildFile; fileRef = 657A9AEE1D000ECC9B72A18B /* Pods_WeatherApp.framework */; settings = {ATTRIBUTES = (CodeSignOnCopy, RemoveHeadersOnCopy, ); }; };
		392636AF2B0919B9006FA7E3 /* SnapKit-Dynamic in Embed Frameworks */ = {isa = PBXBuildFile; productRef = 392636892B08C6D8006FA7E3 /* SnapKit-Dynamic */; settings = {ATTRIBUTES = (CodeSignOnCopy, ); }; };
/* End PBXBuildFile section */

/* Begin PBXCopyFilesBuildPhase section */
		392636AE2B0919B7006FA7E3 /* Embed Frameworks */ = {
			isa = PBXCopyFilesBuildPhase;
			buildActionMask = 2147483647;
			dstPath = "";
			dstSubfolderSpec = 10;
			files = (
				392636AD2B0919B7006FA7E3 /* Pods_WeatherApp.framework in Embed Frameworks */,
				392636AF2B0919B9006FA7E3 /* SnapKit-Dynamic in Embed Frameworks */,
			);
			name = "Embed Frameworks";
			runOnlyForDeploymentPostprocessing = 0;
		};
/* End PBXCopyFilesBuildPhase section */

/* Begin PBXFileReference section */
		391D375A2B09EEFF00C08213 /* WeatherHomeView.swift */ = {isa = PBXFileReference; lastKnownFileType = sourcecode.swift; path = WeatherHomeView.swift; sourceTree = "<group>"; };
		391D375D2B0A19BF00C08213 /* WeatherDetailView.swift */ = {isa = PBXFileReference; lastKnownFileType = sourcecode.swift; path = WeatherDetailView.swift; sourceTree = "<group>"; };
		391D375F2B0A248000C08213 /* TemperatureType.swift */ = {isa = PBXFileReference; lastKnownFileType = sourcecode.swift; path = TemperatureType.swift; sourceTree = "<group>"; };
		392636682B08C11B006FA7E3 /* WeatherApp.app */ = {isa = PBXFileReference; explicitFileType = wrapper.application; includeInIndex = 0; path = WeatherApp.app; sourceTree = BUILT_PRODUCTS_DIR; };
		3926366B2B08C11B006FA7E3 /* AppDelegate.swift */ = {isa = PBXFileReference; lastKnownFileType = sourcecode.swift; path = AppDelegate.swift; sourceTree = "<group>"; };
		3926366D2B08C11B006FA7E3 /* SceneDelegate.swift */ = {isa = PBXFileReference; lastKnownFileType = sourcecode.swift; path = SceneDelegate.swift; sourceTree = "<group>"; };
		3926366F2B08C11B006FA7E3 /* HomeVC.swift */ = {isa = PBXFileReference; lastKnownFileType = sourcecode.swift; path = HomeVC.swift; sourceTree = "<group>"; };
		392636742B08C11D006FA7E3 /* Assets.xcassets */ = {isa = PBXFileReference; lastKnownFileType = folder.assetcatalog; path = Assets.xcassets; sourceTree = "<group>"; };
		392636772B08C11D006FA7E3 /* Base */ = {isa = PBXFileReference; lastKnownFileType = file.storyboard; name = Base; path = Base.lproj/LaunchScreen.storyboard; sourceTree = "<group>"; };
		392636792B08C11D006FA7E3 /* Info.plist */ = {isa = PBXFileReference; lastKnownFileType = text.plist.xml; path = Info.plist; sourceTree = "<group>"; };
		3926368E2B08F2CA006FA7E3 /* APIService.swift */ = {isa = PBXFileReference; lastKnownFileType = sourcecode.swift; path = APIService.swift; sourceTree = "<group>"; };
		392636962B08F73C006FA7E3 /* Repo.swift */ = {isa = PBXFileReference; lastKnownFileType = sourcecode.swift; path = Repo.swift; sourceTree = "<group>"; };
		392636992B08FBA9006FA7E3 /* HomeviewVM.swift */ = {isa = PBXFileReference; lastKnownFileType = sourcecode.swift; path = HomeviewVM.swift; sourceTree = "<group>"; };
		392636A82B0914CF006FA7E3 /* WeatherDataModel.swift */ = {isa = PBXFileReference; lastKnownFileType = sourcecode.swift; path = WeatherDataModel.swift; sourceTree = "<group>"; };
		392636AA2B091712006FA7E3 /* ApiConfiguration.swift */ = {isa = PBXFileReference; lastKnownFileType = sourcecode.swift; path = ApiConfiguration.swift; sourceTree = "<group>"; };
		392636B02B091A91006FA7E3 /* Alamofire.framework */ = {isa = PBXFileReference; explicitFileType = wrapper.framework; path = Alamofire.framework; sourceTree = BUILT_PRODUCTS_DIR; };
		51FCE803268F7F8D3725D242 /* Pods-WeatherApp.release.xcconfig */ = {isa = PBXFileReference; includeInIndex = 1; lastKnownFileType = text.xcconfig; name = "Pods-WeatherApp.release.xcconfig"; path = "Target Support Files/Pods-WeatherApp/Pods-WeatherApp.release.xcconfig"; sourceTree = "<group>"; };
		657A9AEE1D000ECC9B72A18B /* Pods_WeatherApp.framework */ = {isa = PBXFileReference; explicitFileType = wrapper.framework; includeInIndex = 0; path = Pods_WeatherApp.framework; sourceTree = BUILT_PRODUCTS_DIR; };
		E712DF1237F7F1C8ECBB1714 /* Pods-WeatherApp.debug.xcconfig */ = {isa = PBXFileReference; includeInIndex = 1; lastKnownFileType = text.xcconfig; name = "Pods-WeatherApp.debug.xcconfig"; path = "Target Support Files/Pods-WeatherApp/Pods-WeatherApp.debug.xcconfig"; sourceTree = "<group>"; };
/* End PBXFileReference section */

/* Begin PBXFrameworksBuildPhase section */
		392636652B08C11B006FA7E3 /* Frameworks */ = {
			isa = PBXFrameworksBuildPhase;
			buildActionMask = 2147483647;
			files = (
				392636AC2B0919B7006FA7E3 /* Pods_WeatherApp.framework in Frameworks */,
				392636882B08C6D8006FA7E3 /* SnapKit in Frameworks */,
				3926368A2B08C6D8006FA7E3 /* SnapKit-Dynamic in Frameworks */,
			);
			runOnlyForDeploymentPostprocessing = 0;
		};
/* End PBXFrameworksBuildPhase section */

/* Begin PBXGroup section */
		391D37582B0956ED00C08213 /* Views */ = {
			isa = PBXGroup;
			children = (
				391D375C2B0A19AD00C08213 /* Home */,
			);
			path = Views;
			sourceTree = "<group>";
		};
		391D37592B09EEB300C08213 /* ViewControllers */ = {
			isa = PBXGroup;
			children = (
				3926366F2B08C11B006FA7E3 /* HomeVC.swift */,
			);
			path = ViewControllers;
			sourceTree = "<group>";
		};
		391D375C2B0A19AD00C08213 /* Home */ = {
			isa = PBXGroup;
			children = (
				391D375A2B09EEFF00C08213 /* WeatherHomeView.swift */,
				391D375D2B0A19BF00C08213 /* WeatherDetailView.swift */,
			);
			path = Home;
			sourceTree = "<group>";
		};
		3926365F2B08C11B006FA7E3 = {
			isa = PBXGroup;
			children = (
				3926366A2B08C11B006FA7E3 /* WeatherApp */,
				392636692B08C11B006FA7E3 /* Products */,
				3926367F2B08C14E006FA7E3 /* Frameworks */,
				E7CA67DCB3E393F87DB605FB /* Pods */,
			);
			sourceTree = "<group>";
		};
		392636692B08C11B006FA7E3 /* Products */ = {
			isa = PBXGroup;
			children = (
				392636682B08C11B006FA7E3 /* WeatherApp.app */,
			);
			name = Products;
			sourceTree = "<group>";
		};
		3926366A2B08C11B006FA7E3 /* WeatherApp */ = {
			isa = PBXGroup;
			children = (
				391D37592B09EEB300C08213 /* ViewControllers */,
				391D37582B0956ED00C08213 /* Views */,
				392636982B08FB8C006FA7E3 /* ViewModels */,
				392636852B08C41C006FA7E3 /* Models */,
				392636952B08F72B006FA7E3 /* Repository */,
				392636922B08F391006FA7E3 /* API */,
				3926366B2B08C11B006FA7E3 /* AppDelegate.swift */,
				3926366D2B08C11B006FA7E3 /* SceneDelegate.swift */,
				392636742B08C11D006FA7E3 /* Assets.xcassets */,
				392636762B08C11D006FA7E3 /* LaunchScreen.storyboard */,
				392636792B08C11D006FA7E3 /* Info.plist */,
			);
			path = WeatherApp;
			sourceTree = "<group>";
		};
		3926367F2B08C14E006FA7E3 /* Frameworks */ = {
			isa = PBXGroup;
			children = (
				392636B02B091A91006FA7E3 /* Alamofire.framework */,
				657A9AEE1D000ECC9B72A18B /* Pods_WeatherApp.framework */,
			);
			name = Frameworks;
			sourceTree = "<group>";
		};
		392636852B08C41C006FA7E3 /* Models */ = {
			isa = PBXGroup;
			children = (
				392636A82B0914CF006FA7E3 /* WeatherDataModel.swift */,
				392636AA2B091712006FA7E3 /* ApiConfiguration.swift */,
				391D375F2B0A248000C08213 /* TemperatureType.swift */,
			);
			path = Models;
			sourceTree = "<group>";
		};
		392636922B08F391006FA7E3 /* API */ = {
			isa = PBXGroup;
			children = (
				3926368E2B08F2CA006FA7E3 /* APIService.swift */,
			);
			path = API;
			sourceTree = "<group>";
		};
		392636952B08F72B006FA7E3 /* Repository */ = {
			isa = PBXGroup;
			children = (
				392636962B08F73C006FA7E3 /* Repo.swift */,
			);
			path = Repository;
			sourceTree = "<group>";
		};
		392636982B08FB8C006FA7E3 /* ViewModels */ = {
			isa = PBXGroup;
			children = (
				392636992B08FBA9006FA7E3 /* HomeviewVM.swift */,
			);
			path = ViewModels;
			sourceTree = "<group>";
		};
		E7CA67DCB3E393F87DB605FB /* Pods */ = {
			isa = PBXGroup;
			children = (
				E712DF1237F7F1C8ECBB1714 /* Pods-WeatherApp.debug.xcconfig */,
				51FCE803268F7F8D3725D242 /* Pods-WeatherApp.release.xcconfig */,
			);
			path = Pods;
			sourceTree = "<group>";
		};
/* End PBXGroup section */

/* Begin PBXNativeTarget section */
		392636672B08C11B006FA7E3 /* WeatherApp */ = {
			isa = PBXNativeTarget;
			buildConfigurationList = 3926367C2B08C11D006FA7E3 /* Build configuration list for PBXNativeTarget "WeatherApp" */;
			buildPhases = (
				37B8BE7A1E7F57C823A6EF73 /* [CP] Check Pods Manifest.lock */,
				392636642B08C11B006FA7E3 /* Sources */,
				392636652B08C11B006FA7E3 /* Frameworks */,
				392636662B08C11B006FA7E3 /* Resources */,
				392636AE2B0919B7006FA7E3 /* Embed Frameworks */,
				A4FCF65DC2F11D87F4E6D5BF /* [CP] Embed Pods Frameworks */,
			);
			buildRules = (
			);
			dependencies = (
			);
			name = WeatherApp;
			packageProductDependencies = (
				392636872B08C6D8006FA7E3 /* SnapKit */,
				392636892B08C6D8006FA7E3 /* SnapKit-Dynamic */,
			);
			productName = WeatherApp;
			productReference = 392636682B08C11B006FA7E3 /* WeatherApp.app */;
			productType = "com.apple.product-type.application";
		};
/* End PBXNativeTarget section */

/* Begin PBXProject section */
		392636602B08C11B006FA7E3 /* Project object */ = {
			isa = PBXProject;
			attributes = {
				BuildIndependentTargetsInParallel = 1;
				LastSwiftUpdateCheck = 1500;
				LastUpgradeCheck = 1500;
				TargetAttributes = {
					392636672B08C11B006FA7E3 = {
						CreatedOnToolsVersion = 15.0.1;
					};
				};
			};
			buildConfigurationList = 392636632B08C11B006FA7E3 /* Build configuration list for PBXProject "WeatherApp" */;
			compatibilityVersion = "Xcode 14.0";
			developmentRegion = en;
			hasScannedForEncodings = 0;
			knownRegions = (
				en,
				Base,
			);
			mainGroup = 3926365F2B08C11B006FA7E3;
			packageReferences = (
				392636862B08C6D8006FA7E3 /* XCRemoteSwiftPackageReference "SnapKit" */,
			);
			productRefGroup = 392636692B08C11B006FA7E3 /* Products */;
			projectDirPath = "";
			projectRoot = "";
			targets = (
				392636672B08C11B006FA7E3 /* WeatherApp */,
			);
		};
/* End PBXProject section */

/* Begin PBXResourcesBuildPhase section */
		392636662B08C11B006FA7E3 /* Resources */ = {
			isa = PBXResourcesBuildPhase;
			buildActionMask = 2147483647;
			files = (
				392636782B08C11D006FA7E3 /* LaunchScreen.storyboard in Resources */,
				392636752B08C11D006FA7E3 /* Assets.xcassets in Resources */,
			);
			runOnlyForDeploymentPostprocessing = 0;
		};
/* End PBXResourcesBuildPhase section */

/* Begin PBXShellScriptBuildPhase section */
		37B8BE7A1E7F57C823A6EF73 /* [CP] Check Pods Manifest.lock */ = {
			isa = PBXShellScriptBuildPhase;
			buildActionMask = 2147483647;
			files = (
			);
			inputFileListPaths = (
			);
			inputPaths = (
				"${PODS_PODFILE_DIR_PATH}/Podfile.lock",
				"${PODS_ROOT}/Manifest.lock",
			);
			name = "[CP] Check Pods Manifest.lock";
			outputFileListPaths = (
			);
			outputPaths = (
				"$(DERIVED_FILE_DIR)/Pods-WeatherApp-checkManifestLockResult.txt",
			);
			runOnlyForDeploymentPostprocessing = 0;
			shellPath = /bin/sh;
			shellScript = "diff \"${PODS_PODFILE_DIR_PATH}/Podfile.lock\" \"${PODS_ROOT}/Manifest.lock\" > /dev/null\nif [ $? != 0 ] ; then\n    # print error to STDERR\n    echo \"error: The sandbox is not in sync with the Podfile.lock. Run 'pod install' or update your CocoaPods installation.\" >&2\n    exit 1\nfi\n# This output is used by Xcode 'outputs' to avoid re-running this script phase.\necho \"SUCCESS\" > \"${SCRIPT_OUTPUT_FILE_0}\"\n";
			showEnvVarsInLog = 0;
		};
		A4FCF65DC2F11D87F4E6D5BF /* [CP] Embed Pods Frameworks */ = {
			isa = PBXShellScriptBuildPhase;
			buildActionMask = 2147483647;
			files = (
			);
			inputFileListPaths = (
				"${PODS_ROOT}/Target Support Files/Pods-WeatherApp/Pods-WeatherApp-frameworks-${CONFIGURATION}-input-files.xcfilelist",
			);
			name = "[CP] Embed Pods Frameworks";
			outputFileListPaths = (
				"${PODS_ROOT}/Target Support Files/Pods-WeatherApp/Pods-WeatherApp-frameworks-${CONFIGURATION}-output-files.xcfilelist",
			);
			runOnlyForDeploymentPostprocessing = 0;
			shellPath = /bin/sh;
			shellScript = "\"${PODS_ROOT}/Target Support Files/Pods-WeatherApp/Pods-WeatherApp-frameworks.sh\"\n";
			showEnvVarsInLog = 0;
		};
/* End PBXShellScriptBuildPhase section */

/* Begin PBXSourcesBuildPhase section */
		392636642B08C11B006FA7E3 /* Sources */ = {
			isa = PBXSourcesBuildPhase;
			buildActionMask = 2147483647;
			files = (
				391D37602B0A248000C08213 /* TemperatureType.swift in Sources */,
				392636702B08C11B006FA7E3 /* HomeVC.swift in Sources */,
				3926369A2B08FBA9006FA7E3 /* HomeviewVM.swift in Sources */,
				391D375B2B09EEFF00C08213 /* WeatherHomeView.swift in Sources */,
				391D375E2B0A19BF00C08213 /* WeatherDetailView.swift in Sources */,
				392636972B08F73C006FA7E3 /* Repo.swift in Sources */,
				3926368F2B08F2CA006FA7E3 /* APIService.swift in Sources */,
				3926366C2B08C11B006FA7E3 /* AppDelegate.swift in Sources */,
				392636AB2B091712006FA7E3 /* ApiConfiguration.swift in Sources */,
				392636A92B0914CF006FA7E3 /* WeatherDataModel.swift in Sources */,
				3926366E2B08C11B006FA7E3 /* SceneDelegate.swift in Sources */,
			);
			runOnlyForDeploymentPostprocessing = 0;
		};
/* End PBXSourcesBuildPhase section */

/* Begin PBXVariantGroup section */
		392636762B08C11D006FA7E3 /* LaunchScreen.storyboard */ = {
			isa = PBXVariantGroup;
			children = (
				392636772B08C11D006FA7E3 /* Base */,
			);
			name = LaunchScreen.storyboard;
			sourceTree = "<group>";
		};
/* End PBXVariantGroup section */

/* Begin XCBuildConfiguration section */
		3926367A2B08C11D006FA7E3 /* Debug */ = {
			isa = XCBuildConfiguration;
			buildSettings = {
				ALWAYS_SEARCH_USER_PATHS = NO;
				ASSETCATALOG_COMPILER_GENERATE_SWIFT_ASSET_SYMBOL_EXTENSIONS = YES;
				CLANG_ANALYZER_NONNULL = YES;
				CLANG_ANALYZER_NUMBER_OBJECT_CONVERSION = YES_AGGRESSIVE;
				CLANG_CXX_LANGUAGE_STANDARD = "gnu++20";
				CLANG_ENABLE_MODULES = YES;
				CLANG_ENABLE_OBJC_ARC = YES;
				CLANG_ENABLE_OBJC_WEAK = YES;
				CLANG_WARN_BLOCK_CAPTURE_AUTORELEASING = YES;
				CLANG_WARN_BOOL_CONVERSION = YES;
				CLANG_WARN_COMMA = YES;
				CLANG_WARN_CONSTANT_CONVERSION = YES;
				CLANG_WARN_DEPRECATED_OBJC_IMPLEMENTATIONS = YES;
				CLANG_WARN_DIRECT_OBJC_ISA_USAGE = YES_ERROR;
				CLANG_WARN_DOCUMENTATION_COMMENTS = YES;
				CLANG_WARN_EMPTY_BODY = YES;
				CLANG_WARN_ENUM_CONVERSION = YES;
				CLANG_WARN_INFINITE_RECURSION = YES;
				CLANG_WARN_INT_CONVERSION = YES;
				CLANG_WARN_NON_LITERAL_NULL_CONVERSION = YES;
				CLANG_WARN_OBJC_IMPLICIT_RETAIN_SELF = YES;
				CLANG_WARN_OBJC_LITERAL_CONVERSION = YES;
				CLANG_WARN_OBJC_ROOT_CLASS = YES_ERROR;
				CLANG_WARN_QUOTED_INCLUDE_IN_FRAMEWORK_HEADER = YES;
				CLANG_WARN_RANGE_LOOP_ANALYSIS = YES;
				CLANG_WARN_STRICT_PROTOTYPES = YES;
				CLANG_WARN_SUSPICIOUS_MOVE = YES;
				CLANG_WARN_UNGUARDED_AVAILABILITY = YES_AGGRESSIVE;
				CLANG_WARN_UNREACHABLE_CODE = YES;
				CLANG_WARN__DUPLICATE_METHOD_MATCH = YES;
				COPY_PHASE_STRIP = NO;
				DEBUG_INFORMATION_FORMAT = dwarf;
				ENABLE_STRICT_OBJC_MSGSEND = YES;
				ENABLE_TESTABILITY = YES;
				ENABLE_USER_SCRIPT_SANDBOXING = NO;
				GCC_C_LANGUAGE_STANDARD = gnu17;
				GCC_DYNAMIC_NO_PIC = NO;
				GCC_NO_COMMON_BLOCKS = YES;
				GCC_OPTIMIZATION_LEVEL = 0;
				GCC_PREPROCESSOR_DEFINITIONS = (
					"DEBUG=1",
					"$(inherited)",
				);
				GCC_WARN_64_TO_32_BIT_CONVERSION = YES;
				GCC_WARN_ABOUT_RETURN_TYPE = YES_ERROR;
				GCC_WARN_UNDECLARED_SELECTOR = YES;
				GCC_WARN_UNINITIALIZED_AUTOS = YES_AGGRESSIVE;
				GCC_WARN_UNUSED_FUNCTION = YES;
				GCC_WARN_UNUSED_VARIABLE = YES;
				IPHONEOS_DEPLOYMENT_TARGET = 17.0;
				LOCALIZATION_PREFERS_STRING_CATALOGS = YES;
				MTL_ENABLE_DEBUG_INFO = INCLUDE_SOURCE;
				MTL_FAST_MATH = YES;
				ONLY_ACTIVE_ARCH = YES;
				SDKROOT = iphoneos;
				SWIFT_ACTIVE_COMPILATION_CONDITIONS = "DEBUG $(inherited)";
				SWIFT_OPTIMIZATION_LEVEL = "-Onone";
			};
			name = Debug;
		};
		3926367B2B08C11D006FA7E3 /* Release */ = {
			isa = XCBuildConfiguration;
			buildSettings = {
				ALWAYS_SEARCH_USER_PATHS = NO;
				ASSETCATALOG_COMPILER_GENERATE_SWIFT_ASSET_SYMBOL_EXTENSIONS = YES;
				CLANG_ANALYZER_NONNULL = YES;
				CLANG_ANALYZER_NUMBER_OBJECT_CONVERSION = YES_AGGRESSIVE;
				CLANG_CXX_LANGUAGE_STANDARD = "gnu++20";
				CLANG_ENABLE_MODULES = YES;
				CLANG_ENABLE_OBJC_ARC = YES;
				CLANG_ENABLE_OBJC_WEAK = YES;
				CLANG_WARN_BLOCK_CAPTURE_AUTORELEASING = YES;
				CLANG_WARN_BOOL_CONVERSION = YES;
				CLANG_WARN_COMMA = YES;
				CLANG_WARN_CONSTANT_CONVERSION = YES;
				CLANG_WARN_DEPRECATED_OBJC_IMPLEMENTATIONS = YES;
				CLANG_WARN_DIRECT_OBJC_ISA_USAGE = YES_ERROR;
				CLANG_WARN_DOCUMENTATION_COMMENTS = YES;
				CLANG_WARN_EMPTY_BODY = YES;
				CLANG_WARN_ENUM_CONVERSION = YES;
				CLANG_WARN_INFINITE_RECURSION = YES;
				CLANG_WARN_INT_CONVERSION = YES;
				CLANG_WARN_NON_LITERAL_NULL_CONVERSION = YES;
				CLANG_WARN_OBJC_IMPLICIT_RETAIN_SELF = YES;
				CLANG_WARN_OBJC_LITERAL_CONVERSION = YES;
				CLANG_WARN_OBJC_ROOT_CLASS = YES_ERROR;
				CLANG_WARN_QUOTED_INCLUDE_IN_FRAMEWORK_HEADER = YES;
				CLANG_WARN_RANGE_LOOP_ANALYSIS = YES;
				CLANG_WARN_STRICT_PROTOTYPES = YES;
				CLANG_WARN_SUSPICIOUS_MOVE = YES;
				CLANG_WARN_UNGUARDED_AVAILABILITY = YES_AGGRESSIVE;
				CLANG_WARN_UNREACHABLE_CODE = YES;
				CLANG_WARN__DUPLICATE_METHOD_MATCH = YES;
				COPY_PHASE_STRIP = NO;
				DEBUG_INFORMATION_FORMAT = "dwarf-with-dsym";
				ENABLE_NS_ASSERTIONS = NO;
				ENABLE_STRICT_OBJC_MSGSEND = YES;
				ENABLE_USER_SCRIPT_SANDBOXING = NO;
				GCC_C_LANGUAGE_STANDARD = gnu17;
				GCC_NO_COMMON_BLOCKS = YES;
				GCC_WARN_64_TO_32_BIT_CONVERSION = YES;
				GCC_WARN_ABOUT_RETURN_TYPE = YES_ERROR;
				GCC_WARN_UNDECLARED_SELECTOR = YES;
				GCC_WARN_UNINITIALIZED_AUTOS = YES_AGGRESSIVE;
				GCC_WARN_UNUSED_FUNCTION = YES;
				GCC_WARN_UNUSED_VARIABLE = YES;
				IPHONEOS_DEPLOYMENT_TARGET = 17.0;
				LOCALIZATION_PREFERS_STRING_CATALOGS = YES;
				MTL_ENABLE_DEBUG_INFO = NO;
				MTL_FAST_MATH = YES;
				SDKROOT = iphoneos;
				SWIFT_COMPILATION_MODE = wholemodule;
				VALIDATE_PRODUCT = YES;
			};
			name = Release;
		};
		3926367D2B08C11D006FA7E3 /* Debug */ = {
			isa = XCBuildConfiguration;
			baseConfigurationReference = E712DF1237F7F1C8ECBB1714 /* Pods-WeatherApp.debug.xcconfig */;
			buildSettings = {
				ASSETCATALOG_COMPILER_APPICON_NAME = AppIcon;
				ASSETCATALOG_COMPILER_GLOBAL_ACCENT_COLOR_NAME = AccentColor;
				CODE_SIGN_STYLE = Automatic;
				CURRENT_PROJECT_VERSION = 1;
				DEVELOPMENT_TEAM = "";
				GENERATE_INFOPLIST_FILE = YES;
				INFOPLIST_FILE = WeatherApp/Info.plist;
				INFOPLIST_KEY_UIApplicationSupportsIndirectInputEvents = YES;
				INFOPLIST_KEY_UILaunchStoryboardName = LaunchScreen;
				INFOPLIST_KEY_UISupportedInterfaceOrientations_iPad = "UIInterfaceOrientationPortrait UIInterfaceOrientationPortraitUpsideDown UIInterfaceOrientationLandscapeLeft UIInterfaceOrientationLandscapeRight";
				INFOPLIST_KEY_UISupportedInterfaceOrientations_iPhone = "UIInterfaceOrientationPortrait UIInterfaceOrientationLandscapeLeft UIInterfaceOrientationLandscapeRight";
				LD_RUNPATH_SEARCH_PATHS = (
					"$(inherited)",
					"@executable_path/Frameworks",
				);
				MARKETING_VERSION = 1.0;
				PRODUCT_BUNDLE_IDENTIFIER = com.example.hackingWithSwift.WeatherApp;
				PRODUCT_NAME = "$(TARGET_NAME)";
				SWIFT_EMIT_LOC_STRINGS = YES;
				SWIFT_VERSION = 5.0;
				TARGETED_DEVICE_FAMILY = "1,2";
			};
			name = Debug;
		};
		3926367E2B08C11D006FA7E3 /* Release */ = {
			isa = XCBuildConfiguration;
			baseConfigurationReference = 51FCE803268F7F8D3725D242 /* Pods-WeatherApp.release.xcconfig */;
			buildSettings = {
				ASSETCATALOG_COMPILER_APPICON_NAME = AppIcon;
				ASSETCATALOG_COMPILER_GLOBAL_ACCENT_COLOR_NAME = AccentColor;
				CODE_SIGN_STYLE = Automatic;
				CURRENT_PROJECT_VERSION = 1;
				DEVELOPMENT_TEAM = "";
				GENERATE_INFOPLIST_FILE = YES;
				INFOPLIST_FILE = WeatherApp/Info.plist;
				INFOPLIST_KEY_UIApplicationSupportsIndirectInputEvents = YES;
				INFOPLIST_KEY_UILaunchStoryboardName = LaunchScreen;
				INFOPLIST_KEY_UISupportedInterfaceOrientations_iPad = "UIInterfaceOrientationPortrait UIInterfaceOrientationPortraitUpsideDown UIInterfaceOrientationLandscapeLeft UIInterfaceOrientationLandscapeRight";
				INFOPLIST_KEY_UISupportedInterfaceOrientations_iPhone = "UIInterfaceOrientationPortrait UIInterfaceOrientationLandscapeLeft UIInterfaceOrientationLandscapeRight";
				LD_RUNPATH_SEARCH_PATHS = (
					"$(inherited)",
					"@executable_path/Frameworks",
				);
				MARKETING_VERSION = 1.0;
				PRODUCT_BUNDLE_IDENTIFIER = com.example.hackingWithSwift.WeatherApp;
				PRODUCT_NAME = "$(TARGET_NAME)";
				SWIFT_EMIT_LOC_STRINGS = YES;
				SWIFT_VERSION = 5.0;
				TARGETED_DEVICE_FAMILY = "1,2";
			};
			name = Release;
		};
/* End XCBuildConfiguration section */

/* Begin XCConfigurationList section */
		392636632B08C11B006FA7E3 /* Build configuration list for PBXProject "WeatherApp" */ = {
			isa = XCConfigurationList;
			buildConfigurations = (
				3926367A2B08C11D006FA7E3 /* Debug */,
				3926367B2B08C11D006FA7E3 /* Release */,
			);
			defaultConfigurationIsVisible = 0;
			defaultConfigurationName = Release;
		};
		3926367C2B08C11D006FA7E3 /* Build configuration list for PBXNativeTarget "WeatherApp" */ = {
			isa = XCConfigurationList;
			buildConfigurations = (
				3926367D2B08C11D006FA7E3 /* Debug */,
				3926367E2B08C11D006FA7E3 /* Release */,
			);
			defaultConfigurationIsVisible = 0;
			defaultConfigurationName = Release;
		};
/* End XCConfigurationList section */

/* Begin XCRemoteSwiftPackageReference section */
		392636862B08C6D8006FA7E3 /* XCRemoteSwiftPackageReference "SnapKit" */ = {
			isa = XCRemoteSwiftPackageReference;
			repositoryURL = "https://github.com/SnapKit/SnapKit.git";
			requirement = {
				kind = upToNextMajorVersion;
				minimumVersion = 5.6.0;
			};
		};
/* End XCRemoteSwiftPackageReference section */

/* Begin XCSwiftPackageProductDependency section */
		392636872B08C6D8006FA7E3 /* SnapKit */ = {
			isa = XCSwiftPackageProductDependency;
			package = 392636862B08C6D8006FA7E3 /* XCRemoteSwiftPackageReference "SnapKit" */;
			productName = SnapKit;
		};
		392636892B08C6D8006FA7E3 /* SnapKit-Dynamic */ = {
			isa = XCSwiftPackageProductDependency;
			package = 392636862B08C6D8006FA7E3 /* XCRemoteSwiftPackageReference "SnapKit" */;
			productName = "SnapKit-Dynamic";
		};
/* End XCSwiftPackageProductDependency section */
	};
	rootObject = 392636602B08C11B006FA7E3 /* Project object */;
}
